
Microsoft Visual Studio Solution File, Format Version 12.00
# Visual Studio Version 17
VisualStudioVersion = 17.4.33006.217
MinimumVisualStudioVersion = 10.0.40219.1
Project("{FAE04EC0-301F-11D3-BF4B-00C04F79EFBC}") = "WasmMultithreading", "WasmMultithreading\WasmMultithreading.csproj", "{CDCDB12B-40F8-4D69-88AE-D2355BFDE691}"
EndProject
Global
	GlobalSection(SolutionConfigurationPlatforms) = preSolution
		Debug|Any CPU = Debug|Any CPU
		Release|Any CPU = Release|Any CPU
	EndGlobalSection
	GlobalSection(ProjectConfigurationPlatforms) = postSolution
		{CDCDB12B-40F8-4D69-88AE-D2355BFDE691}.Debug|Any CPU.ActiveCfg = Debug|Any CPU
		{CDCDB12B-40F8-4D69-88AE-D2355BFDE691}.Debug|Any CPU.Build.0 = Debug|Any CPU
		{CDCDB12B-40F8-4D69-88AE-D2355BFDE691}.Release|Any CPU.ActiveCfg = Release|Any CPU
		{CDCDB12B-40F8-4D69-88AE-D2355BFDE691}.Release|Any CPU.Build.0 = Release|Any CPU
	EndGlobalSection
	GlobalSection(SolutionProperties) = preSolution
		HideSolutionNode = FALSE
	EndGlobalSection
	GlobalSection(ExtensibilityGlobals) = postSolution
		SolutionGuid = {7A86723A-DBBF-4BC9-BB38-B718CCE53552}
	EndGlobalSection
EndGlobal
